
Microsoft Visual Studio Solution File, Format Version 12.00
# Visual Studio Version 17
VisualStudioVersion = 17.7.34009.444
MinimumVisualStudioVersion = 10.0.40219.1
Project("{FAE04EC0-301F-11D3-BF4B-00C04F79EFBC}") = "button2", "button2.csproj", "{7D6C2A57-2991-495B-BA67-CF2EC4C672FE}"
EndProject
Global
	GlobalSection(SolutionConfigurationPlatforms) = preSolution
		Debug|Any CPU = Debug|Any CPU
		Release|Any CPU = Release|Any CPU
	EndGlobalSection
	GlobalSection(ProjectConfigurationPlatforms) = postSolution
		{7D6C2A57-2991-495B-BA67-CF2EC4C672FE}.Debug|Any CPU.ActiveCfg = Debug|Any CPU
		{7D6C2A57-2991-495B-BA67-CF2EC4C672FE}.Debug|Any CPU.Build.0 = Debug|Any CPU
		{7D6C2A57-2991-495B-BA67-CF2EC4C672FE}.Release|Any CPU.ActiveCfg = Release|Any CPU
		{7D6C2A57-2991-495B-BA67-CF2EC4C672FE}.Release|Any CPU.Build.0 = Release|Any CPU
	EndGlobalSection
	GlobalSection(SolutionProperties) = preSolution
		HideSolutionNode = FALSE
	EndGlobalSection
	GlobalSection(ExtensibilityGlobals) = postSolution
		SolutionGuid = {BBDFEE81-8858-44DF-960E-0096E3A3E9DA}
	EndGlobalSection
EndGlobal
